
Microsoft Visual Studio Solution File, Format Version 12.00
# Visual Studio 15
VisualStudioVersion = 15.0.27703.2026
MinimumVisualStudioVersion = 10.0.40219.1
Project("{FAE04EC0-301F-11D3-BF4B-00C04F79EFBC}") = "CVeditor", "CVeditor\CVeditor.csproj", "{E22B535F-3540-4AED-BB67-435CB3F1C100}"
EndProject
Global
	GlobalSection(SolutionConfigurationPlatforms) = preSolution
		Debug|Any CPU = Debug|Any CPU
		Release|Any CPU = Release|Any CPU
	EndGlobalSection
	GlobalSection(ProjectConfigurationPlatforms) = postSolution
		{E22B535F-3540-4AED-BB67-435CB3F1C100}.Debug|Any CPU.ActiveCfg = Debug|Any CPU
		{E22B535F-3540-4AED-BB67-435CB3F1C100}.Debug|Any CPU.Build.0 = Debug|Any CPU
		{E22B535F-3540-4AED-BB67-435CB3F1C100}.Release|Any CPU.ActiveCfg = Release|Any CPU
		{E22B535F-3540-4AED-BB67-435CB3F1C100}.Release|Any CPU.Build.0 = Release|Any CPU
	EndGlobalSection
	GlobalSection(SolutionProperties) = preSolution
		HideSolutionNode = FALSE
	EndGlobalSection
	GlobalSection(ExtensibilityGlobals) = postSolution
		SolutionGuid = {7682CC61-1B40-4879-AFFF-8AEBD0F3BA2D}
	EndGlobalSection
EndGlobal
